<?xml version="1.0" encoding="utf-8"?>
<Project ToolsVersion="4.0" xmlns="http://schemas.microsoft.com/developer/msbuild/2003">
  <ItemGroup>
    <Filter Include="Resources">
      <UniqueIdentifier>5934c0b7-ea38-4757-90f4-8ceefdae4a48</UniqueIdentifier>
      <Extensions>rc;ico;cur;bmp;dlg;rc2;rct;bin;rgs;gif;jpg;jpeg;jpe;resx;tiff;tif;png;wav;mfcribbon-ms</Extensions>
    </Filter>
  </ItemGroup>
  <ItemGroup>
    <ClCompile Include="pch.cpp" />
    <ClCompile Include="bytestreamproxy.cpp" />
    <ClCompile Include="bytestreamhandlerproxy.cpp" />
    <ClCompile Include="mediasourceproxy.cpp" />
    <ClCompile Include="mediastreamproxy.cpp" />
    <ClCompile Include="dump.cpp" />
    <ClCompile Include="asynccallbackfunc.cpp" />
    <ClCompile Include="lock.cpp" />
    <ClCompile Include="httpliveschemehandler.cpp" />
    <ClCompile Include="dllmain.cpp" />
    <ClCompile Include="dummy.cpp" />
  </ItemGroup>
  <ItemGroup>
    <ClInclude Include="pch.h" />
    <ClInclude Include="hls.wrap_h.h" />
    <ClInclude Include="bytestreamhandlerproxy.h" />
    <ClInclude Include="mediasourceproxy.h" />
    <ClInclude Include="hls.wrap.h" />
    <ClInclude Include="lock.h" />
    <ClInclude Include="targetver.h" />
    <ClInclude Include="httpliveschemehandler.h" />
    <ClInclude Include="dummy.h" />
  </ItemGroup>
  <ItemGroup>
    <Midl Include="hls.wrap.idl" />
  </ItemGroup>
</Project>