
Microsoft Visual Studio Solution File, Format Version 12.00
# Visual Studio 2012
Project("{262852C6-CD72-467D-83FE-5EEB1973A190}") = "durango.hls", "durango.hls\durango.hls.jsproj", "{4363BEB7-2B80-4AB5-8317-7A4B2E039378}"
EndProject
Project("{262852C6-CD72-467D-83FE-5EEB1973A190}") = "3ivx.app", "3ivx.app\3ivx.app.jsproj", "{E0DB64B7-1CB6-42E9-B1A3-24E3DD1B7F9A}"
EndProject
Project("{262852C6-CD72-467D-83FE-5EEB1973A190}") = "durango.hello", "durango.hello\durango.hello.jsproj", "{015E4851-583E-4EB2-9CED-FD63CAA93D64}"
EndProject
Global
	GlobalSection(SolutionConfigurationPlatforms) = preSolution
		Debug|Durango = Debug|Durango
		Release|Durango = Release|Durango
	EndGlobalSection
	GlobalSection(ProjectConfigurationPlatforms) = postSolution
		{4363BEB7-2B80-4AB5-8317-7A4B2E039378}.Debug|Durango.ActiveCfg = Debug|Durango
		{4363BEB7-2B80-4AB5-8317-7A4B2E039378}.Debug|Durango.Build.0 = Debug|Durango
		{4363BEB7-2B80-4AB5-8317-7A4B2E039378}.Debug|Durango.Deploy.0 = Debug|Durango
		{4363BEB7-2B80-4AB5-8317-7A4B2E039378}.Release|Durango.ActiveCfg = Release|Durango
		{4363BEB7-2B80-4AB5-8317-7A4B2E039378}.Release|Durango.Build.0 = Release|Durango
		{4363BEB7-2B80-4AB5-8317-7A4B2E039378}.Release|Durango.Deploy.0 = Release|Durango
		{E0DB64B7-1CB6-42E9-B1A3-24E3DD1B7F9A}.Debug|Durango.ActiveCfg = Debug|Durango
		{E0DB64B7-1CB6-42E9-B1A3-24E3DD1B7F9A}.Debug|Durango.Build.0 = Debug|Durango
		{E0DB64B7-1CB6-42E9-B1A3-24E3DD1B7F9A}.Debug|Durango.Deploy.0 = Debug|Durango
		{E0DB64B7-1CB6-42E9-B1A3-24E3DD1B7F9A}.Release|Durango.ActiveCfg = Release|Durango
		{E0DB64B7-1CB6-42E9-B1A3-24E3DD1B7F9A}.Release|Durango.Build.0 = Release|Durango
		{E0DB64B7-1CB6-42E9-B1A3-24E3DD1B7F9A}.Release|Durango.Deploy.0 = Release|Durango
		{015E4851-583E-4EB2-9CED-FD63CAA93D64}.Debug|Durango.ActiveCfg = Debug|Durango
		{015E4851-583E-4EB2-9CED-FD63CAA93D64}.Debug|Durango.Build.0 = Debug|Durango
		{015E4851-583E-4EB2-9CED-FD63CAA93D64}.Debug|Durango.Deploy.0 = Debug|Durango
		{015E4851-583E-4EB2-9CED-FD63CAA93D64}.Release|Durango.ActiveCfg = Release|Durango
		{015E4851-583E-4EB2-9CED-FD63CAA93D64}.Release|Durango.Build.0 = Release|Durango
		{015E4851-583E-4EB2-9CED-FD63CAA93D64}.Release|Durango.Deploy.0 = Release|Durango
	EndGlobalSection
	GlobalSection(SolutionProperties) = preSolution
		HideSolutionNode = FALSE
	EndGlobalSection
EndGlobal
