
Microsoft Visual Studio Solution File, Format Version 12.00
# Visual Studio 2012
Project("{262852C6-CD72-467D-83FE-5EEB1973A190}") = "ism.app", "ism.app\ism.app.jsproj", "{4363BEB7-2B80-4AB5-8317-7A4B2E039378}"
EndProject
Project("{262852C6-CD72-467D-83FE-5EEB1973A190}") = "3ivx.app", "3ivx.app\3ivx.app.jsproj", "{E0DB64B7-1CB6-42E9-B1A3-24E3DD1B7F9A}"
EndProject
Project("{262852C6-CD72-467D-83FE-5EEB1973A190}") = "durango.3ivx", "durango.3ivx\durango.3ivx.jsproj", "{015E4851-583E-4EB2-9CED-FD63CAA93D64}"
EndProject
Project("{262852C6-CD72-467D-83FE-5EEB1973A190}") = "durango.ism", "durango.ism\durango.ism.jsproj", "{4F96DA1C-992D-48E0-BA0F-789784D0FB69}"
EndProject
Project("{8BC9CEB8-8B4A-11D0-8D11-00A0C91BC942}") = "hls.wrap", "hls.wrap\hls.wrap.vcxproj", "{E17F8965-2B3D-4E2A-875B-ECE577383BC7}"
EndProject
Project("{8BC9CEB8-8B4A-11D0-8D11-00A0C91BC942}") = "durango_xdk", "durango_xdk\durango_xdk.vcxproj", "{7C40AE81-F6D7-4632-AA84-4C4E91AD8827}"
EndProject
Project("{8BC9CEB8-8B4A-11D0-8D11-00A0C91BC942}") = "durango_adk", "durango_adk\durango_adk.vcxproj", "{3AC40216-06A0-46FA-BF9B-1E68D3EC8D01}"
EndProject
Project("{8BC9CEB8-8B4A-11D0-8D11-00A0C91BC942}") = "durango.adk", "durango.adk\durango.adk.vcxproj", "{CC32681C-09C1-4A98-A91A-C192686F1AC3}"
EndProject
Project("{8BC9CEB8-8B4A-11D0-8D11-00A0C91BC942}") = "durango.adk.wrl", "durango.adk.wrl\durango.adk.wrl.vcxproj", "{9668BCAA-14D7-4943-890F-CF71ADE8649F}"
EndProject
Project("{8BC9CEB8-8B4A-11D0-8D11-00A0C91BC942}") = "durango_wrl", "durango_wrl\durango_wrl.vcxproj", "{CAD7B626-457B-4C2B-813A-770D86FE0178}"
EndProject
Global
	GlobalSection(SolutionConfigurationPlatforms) = preSolution
		Debug|Durango = Debug|Durango
		Profile|Durango = Profile|Durango
		Release|Durango = Release|Durango
	EndGlobalSection
	GlobalSection(ProjectConfigurationPlatforms) = postSolution
		{4363BEB7-2B80-4AB5-8317-7A4B2E039378}.Debug|Durango.ActiveCfg = Debug|Durango
		{4363BEB7-2B80-4AB5-8317-7A4B2E039378}.Debug|Durango.Build.0 = Debug|Durango
		{4363BEB7-2B80-4AB5-8317-7A4B2E039378}.Debug|Durango.Deploy.0 = Debug|Durango
		{4363BEB7-2B80-4AB5-8317-7A4B2E039378}.Profile|Durango.ActiveCfg = Release|Durango
		{4363BEB7-2B80-4AB5-8317-7A4B2E039378}.Profile|Durango.Build.0 = Release|Durango
		{4363BEB7-2B80-4AB5-8317-7A4B2E039378}.Release|Durango.ActiveCfg = Release|Durango
		{4363BEB7-2B80-4AB5-8317-7A4B2E039378}.Release|Durango.Build.0 = Release|Durango
		{4363BEB7-2B80-4AB5-8317-7A4B2E039378}.Release|Durango.Deploy.0 = Release|Durango
		{E0DB64B7-1CB6-42E9-B1A3-24E3DD1B7F9A}.Debug|Durango.ActiveCfg = Debug|Durango
		{E0DB64B7-1CB6-42E9-B1A3-24E3DD1B7F9A}.Debug|Durango.Build.0 = Debug|Durango
		{E0DB64B7-1CB6-42E9-B1A3-24E3DD1B7F9A}.Debug|Durango.Deploy.0 = Debug|Durango
		{E0DB64B7-1CB6-42E9-B1A3-24E3DD1B7F9A}.Profile|Durango.ActiveCfg = Release|Durango
		{E0DB64B7-1CB6-42E9-B1A3-24E3DD1B7F9A}.Profile|Durango.Build.0 = Release|Durango
		{E0DB64B7-1CB6-42E9-B1A3-24E3DD1B7F9A}.Release|Durango.ActiveCfg = Release|Durango
		{E0DB64B7-1CB6-42E9-B1A3-24E3DD1B7F9A}.Release|Durango.Build.0 = Release|Durango
		{E0DB64B7-1CB6-42E9-B1A3-24E3DD1B7F9A}.Release|Durango.Deploy.0 = Release|Durango
		{015E4851-583E-4EB2-9CED-FD63CAA93D64}.Debug|Durango.ActiveCfg = Debug|Durango
		{015E4851-583E-4EB2-9CED-FD63CAA93D64}.Debug|Durango.Build.0 = Debug|Durango
		{015E4851-583E-4EB2-9CED-FD63CAA93D64}.Debug|Durango.Deploy.0 = Debug|Durango
		{015E4851-583E-4EB2-9CED-FD63CAA93D64}.Profile|Durango.ActiveCfg = Release|Durango
		{015E4851-583E-4EB2-9CED-FD63CAA93D64}.Profile|Durango.Build.0 = Release|Durango
		{015E4851-583E-4EB2-9CED-FD63CAA93D64}.Release|Durango.ActiveCfg = Release|Durango
		{015E4851-583E-4EB2-9CED-FD63CAA93D64}.Release|Durango.Build.0 = Release|Durango
		{015E4851-583E-4EB2-9CED-FD63CAA93D64}.Release|Durango.Deploy.0 = Release|Durango
		{4F96DA1C-992D-48E0-BA0F-789784D0FB69}.Debug|Durango.ActiveCfg = Debug|Durango
		{4F96DA1C-992D-48E0-BA0F-789784D0FB69}.Debug|Durango.Build.0 = Debug|Durango
		{4F96DA1C-992D-48E0-BA0F-789784D0FB69}.Debug|Durango.Deploy.0 = Debug|Durango
		{4F96DA1C-992D-48E0-BA0F-789784D0FB69}.Profile|Durango.ActiveCfg = Release|Durango
		{4F96DA1C-992D-48E0-BA0F-789784D0FB69}.Profile|Durango.Build.0 = Release|Durango
		{4F96DA1C-992D-48E0-BA0F-789784D0FB69}.Release|Durango.ActiveCfg = Release|Durango
		{4F96DA1C-992D-48E0-BA0F-789784D0FB69}.Release|Durango.Build.0 = Release|Durango
		{4F96DA1C-992D-48E0-BA0F-789784D0FB69}.Release|Durango.Deploy.0 = Release|Durango
		{E17F8965-2B3D-4E2A-875B-ECE577383BC7}.Debug|Durango.ActiveCfg = Debug|Durango
		{E17F8965-2B3D-4E2A-875B-ECE577383BC7}.Debug|Durango.Build.0 = Debug|Durango
		{E17F8965-2B3D-4E2A-875B-ECE577383BC7}.Profile|Durango.ActiveCfg = Profile|Durango
		{E17F8965-2B3D-4E2A-875B-ECE577383BC7}.Profile|Durango.Build.0 = Profile|Durango
		{E17F8965-2B3D-4E2A-875B-ECE577383BC7}.Release|Durango.ActiveCfg = Release|Durango
		{E17F8965-2B3D-4E2A-875B-ECE577383BC7}.Release|Durango.Build.0 = Release|Durango
		{7C40AE81-F6D7-4632-AA84-4C4E91AD8827}.Debug|Durango.ActiveCfg = Debug|Durango
		{7C40AE81-F6D7-4632-AA84-4C4E91AD8827}.Debug|Durango.Build.0 = Debug|Durango
		{7C40AE81-F6D7-4632-AA84-4C4E91AD8827}.Profile|Durango.ActiveCfg = Profile|Durango
		{7C40AE81-F6D7-4632-AA84-4C4E91AD8827}.Profile|Durango.Build.0 = Profile|Durango
		{7C40AE81-F6D7-4632-AA84-4C4E91AD8827}.Release|Durango.ActiveCfg = Release|Durango
		{7C40AE81-F6D7-4632-AA84-4C4E91AD8827}.Release|Durango.Build.0 = Release|Durango
		{3AC40216-06A0-46FA-BF9B-1E68D3EC8D01}.Debug|Durango.ActiveCfg = Debug|Durango
		{3AC40216-06A0-46FA-BF9B-1E68D3EC8D01}.Debug|Durango.Build.0 = Debug|Durango
		{3AC40216-06A0-46FA-BF9B-1E68D3EC8D01}.Profile|Durango.ActiveCfg = Profile|Durango
		{3AC40216-06A0-46FA-BF9B-1E68D3EC8D01}.Profile|Durango.Build.0 = Profile|Durango
		{3AC40216-06A0-46FA-BF9B-1E68D3EC8D01}.Release|Durango.ActiveCfg = Release|Durango
		{3AC40216-06A0-46FA-BF9B-1E68D3EC8D01}.Release|Durango.Build.0 = Release|Durango
		{CC32681C-09C1-4A98-A91A-C192686F1AC3}.Debug|Durango.ActiveCfg = Debug|Durango
		{CC32681C-09C1-4A98-A91A-C192686F1AC3}.Debug|Durango.Build.0 = Debug|Durango
		{CC32681C-09C1-4A98-A91A-C192686F1AC3}.Profile|Durango.ActiveCfg = Profile|Durango
		{CC32681C-09C1-4A98-A91A-C192686F1AC3}.Profile|Durango.Build.0 = Profile|Durango
		{CC32681C-09C1-4A98-A91A-C192686F1AC3}.Release|Durango.ActiveCfg = Release|Durango
		{CC32681C-09C1-4A98-A91A-C192686F1AC3}.Release|Durango.Build.0 = Release|Durango
		{9668BCAA-14D7-4943-890F-CF71ADE8649F}.Debug|Durango.ActiveCfg = Debug|Durango
		{9668BCAA-14D7-4943-890F-CF71ADE8649F}.Debug|Durango.Build.0 = Debug|Durango
		{9668BCAA-14D7-4943-890F-CF71ADE8649F}.Profile|Durango.ActiveCfg = Profile|Durango
		{9668BCAA-14D7-4943-890F-CF71ADE8649F}.Profile|Durango.Build.0 = Profile|Durango
		{9668BCAA-14D7-4943-890F-CF71ADE8649F}.Release|Durango.ActiveCfg = Release|Durango
		{9668BCAA-14D7-4943-890F-CF71ADE8649F}.Release|Durango.Build.0 = Release|Durango
		{CAD7B626-457B-4C2B-813A-770D86FE0178}.Debug|Durango.ActiveCfg = Debug|Durango
		{CAD7B626-457B-4C2B-813A-770D86FE0178}.Debug|Durango.Build.0 = Debug|Durango
		{CAD7B626-457B-4C2B-813A-770D86FE0178}.Profile|Durango.ActiveCfg = Profile|Durango
		{CAD7B626-457B-4C2B-813A-770D86FE0178}.Profile|Durango.Build.0 = Profile|Durango
		{CAD7B626-457B-4C2B-813A-770D86FE0178}.Release|Durango.ActiveCfg = Release|Durango
		{CAD7B626-457B-4C2B-813A-770D86FE0178}.Release|Durango.Build.0 = Release|Durango
	EndGlobalSection
	GlobalSection(SolutionProperties) = preSolution
		HideSolutionNode = FALSE
	EndGlobalSection
EndGlobal
